
Microsoft Visual Studio Solution File, Format Version 12.00
# Visual Studio Version 16
VisualStudioVersion = 16.0.31911.196
MinimumVisualStudioVersion = 10.0.40219.1
Project("{FAE04EC0-301F-11D3-BF4B-00C04F79EFBC}") = "Candy", "Candy.csproj", "{695D3522-9946-4AC3-B85C-1AA282B8936F}"
EndProject
Global
	GlobalSection(SolutionConfigurationPlatforms) = preSolution
		Debug|Any CPU = Debug|Any CPU
		Release|Any CPU = Release|Any CPU
	EndGlobalSection
	GlobalSection(ProjectConfigurationPlatforms) = postSolution
		{695D3522-9946-4AC3-B85C-1AA282B8936F}.Debug|Any CPU.ActiveCfg = Debug|Any CPU
		{695D3522-9946-4AC3-B85C-1AA282B8936F}.Debug|Any CPU.Build.0 = Debug|Any CPU
		{695D3522-9946-4AC3-B85C-1AA282B8936F}.Release|Any CPU.ActiveCfg = Release|Any CPU
		{695D3522-9946-4AC3-B85C-1AA282B8936F}.Release|Any CPU.Build.0 = Release|Any CPU
	EndGlobalSection
	GlobalSection(SolutionProperties) = preSolution
		HideSolutionNode = FALSE
	EndGlobalSection
	GlobalSection(ExtensibilityGlobals) = postSolution
		SolutionGuid = {192889AD-C0AB-4F17-BA0C-30D35029F3F5}
	EndGlobalSection
EndGlobal
